// !$*UTF8*$!
{
	archiveVersion = 1;
	classes = {
	};
	objectVersion = 55;
	objects = {

/* Begin PBXBuildFile section */
		8D21502B280B77F200EB7267 /* Untitled design.png in Resources */ = {isa = PBXBuildFile; fileRef = 8D21502A280B77F200EB7267 /* Untitled design.png */; };
		8D21502D280B784500EB7267 /* Untitled design (1).png in Resources */ = {isa = PBXBuildFile; fileRef = 8D21502C280B784500EB7267 /* Untitled design (1).png */; };
		8D215031280B7C0800EB7267 /* FirstViewController.swift in Sources */ = {isa = PBXBuildFile; fileRef = 8D215030280B7C0800EB7267 /* FirstViewController.swift */; };
		8D215033280B7D1200EB7267 /* Himalayan-Mountains-Landscape-Snowfall-iPhone-6-wallpaper.-1.jpg in Resources */ = {isa = PBXBuildFile; fileRef = 8D215032280B7D1200EB7267 /* Himalayan-Mountains-Landscape-Snowfall-iPhone-6-wallpaper.-1.jpg */; };
		8D215035280B82DB00EB7267 /* Assets.xcassets in Resources */ = {isa = PBXBuildFile; fileRef = 8D215034280B82DB00EB7267 /* Assets.xcassets */; };
		8D215037280B924F00EB7267 /* ProfileViewController.swift in Sources */ = {isa = PBXBuildFile; fileRef = 8D215036280B924F00EB7267 /* ProfileViewController.swift */; };
		8D215039280B925F00EB7267 /* SettingsViewController.swift in Sources */ = {isa = PBXBuildFile; fileRef = 8D215038280B925F00EB7267 /* SettingsViewController.swift */; };
		8D2A379B280B28E600C2551E /* mountain1.jpeg in Resources */ = {isa = PBXBuildFile; fileRef = 8D2A379A280B28E600C2551E /* mountain1.jpeg */; };
		8D2BF6F528150B2B00F8A20A /* Question.swift in Sources */ = {isa = PBXBuildFile; fileRef = 8D2BF6F428150B2B00F8A20A /* Question.swift */; };
		8D2BF6F728150B4B00F8A20A /* ScienceQuestion.swift in Sources */ = {isa = PBXBuildFile; fileRef = 8D2BF6F628150B4B00F8A20A /* ScienceQuestion.swift */; };
		8D2BF6F928162D5700F8A20A /* HistoryQuestion.swift in Sources */ = {isa = PBXBuildFile; fileRef = 8D2BF6F828162D5700F8A20A /* HistoryQuestion.swift */; };
		8D2BF6FB28162D6A00F8A20A /* ComputerScienceQuestion.swift in Sources */ = {isa = PBXBuildFile; fileRef = 8D2BF6FA28162D6A00F8A20A /* ComputerScienceQuestion.swift */; };
		8D691056280E02DF0094AC19 /* SubjectCollectionViewCell.swift in Sources */ = {isa = PBXBuildFile; fileRef = 8D691055280E02DF0094AC19 /* SubjectCollectionViewCell.swift */; };
		8D75CAC7280CDB5900B0C165 /* FirebaseManager1.swift in Sources */ = {isa = PBXBuildFile; fileRef = 8D75CAC6280CDB5900B0C165 /* FirebaseManager1.swift */; };
		8D75CACA280CDBF300B0C165 /* FirebaseStorage in Frameworks */ = {isa = PBXBuildFile; productRef = 8D75CAC9280CDBF300B0C165 /* FirebaseStorage */; };
		8D75CACC280CDBF300B0C165 /* FirebaseStorageCombine-Community in Frameworks */ = {isa = PBXBuildFile; productRef = 8D75CACB280CDBF300B0C165 /* FirebaseStorageCombine-Community */; };
		8D81154D280E063500D4F48B /* Subject.swift in Sources */ = {isa = PBXBuildFile; fileRef = 8D81154C280E063500D4F48B /* Subject.swift */; };
		8DA312122812E76B00F3E280 /* ScienceViewController.swift in Sources */ = {isa = PBXBuildFile; fileRef = 8DA312112812E76B00F3E280 /* ScienceViewController.swift */; };
		8DA312142812E77B00F3E280 /* HistoryViewController.swift in Sources */ = {isa = PBXBuildFile; fileRef = 8DA312132812E77B00F3E280 /* HistoryViewController.swift */; };
		8DA312162812E78700F3E280 /* ComputerScienceViewController.swift in Sources */ = {isa = PBXBuildFile; fileRef = 8DA312152812E78700F3E280 /* ComputerScienceViewController.swift */; };
		8DC351C32809F15D009D9974 /* Utilities.swift in Sources */ = {isa = PBXBuildFile; fileRef = 8DC351C22809F15D009D9974 /* Utilities.swift */; };
		8DC351C62809F44B009D9974 /* GoogleService-Info.plist in Resources */ = {isa = PBXBuildFile; fileRef = 8DC351C52809F44B009D9974 /* GoogleService-Info.plist */; };
		8DC351C92809F88A009D9974 /* FirebaseAnalytics in Frameworks */ = {isa = PBXBuildFile; productRef = 8DC351C82809F88A009D9974 /* FirebaseAnalytics */; };
		8DC351CB2809F88A009D9974 /* FirebaseAnalyticsSwift in Frameworks */ = {isa = PBXBuildFile; productRef = 8DC351CA2809F88A009D9974 /* FirebaseAnalyticsSwift */; };
		8DC351CD2809F88A009D9974 /* FirebaseAnalyticsWithoutAdIdSupport in Frameworks */ = {isa = PBXBuildFile; productRef = 8DC351CC2809F88A009D9974 /* FirebaseAnalyticsWithoutAdIdSupport */; };
		8DC351CF2809F88A009D9974 /* FirebaseAuth in Frameworks */ = {isa = PBXBuildFile; productRef = 8DC351CE2809F88A009D9974 /* FirebaseAuth */; };
		8DC351D2280A06A3009D9974 /* FirebaseFirestore in Frameworks */ = {isa = PBXBuildFile; productRef = 8DC351D1280A06A3009D9974 /* FirebaseFirestore */; };
		8DC351D4280A06A3009D9974 /* FirebaseFirestoreCombine-Community in Frameworks */ = {isa = PBXBuildFile; productRef = 8DC351D3280A06A3009D9974 /* FirebaseFirestoreCombine-Community */; };
		8DC351D6280A06A3009D9974 /* FirebaseFirestoreSwift in Frameworks */ = {isa = PBXBuildFile; productRef = 8DC351D5280A06A3009D9974 /* FirebaseFirestoreSwift */; };
		8DC351D8280A0A1A009D9974 /* Constants.swift in Sources */ = {isa = PBXBuildFile; fileRef = 8DC351D7280A0A1A009D9974 /* Constants.swift */; };
		8DC351DB280A1057009D9974 /* 373134.jpg in Resources */ = {isa = PBXBuildFile; fileRef = 8DC351DA280A1057009D9974 /* 373134.jpg */; };
		8DC351DD280A1227009D9974 /* mymind-XUlsF9LYeVk-unsplash.jpg in Resources */ = {isa = PBXBuildFile; fileRef = 8DC351DC280A1227009D9974 /* mymind-XUlsF9LYeVk-unsplash.jpg */; };
		8DC351DF280A126A009D9974 /* luke-chesser-3rWagdKBF7U-unsplash.jpg in Resources */ = {isa = PBXBuildFile; fileRef = 8DC351DE280A126A009D9974 /* luke-chesser-3rWagdKBF7U-unsplash.jpg */; };
		8DC351E1280A142A009D9974 /* touann-gatouillat-vergos-i8om-rcoiFY-unsplash.jpg in Resources */ = {isa = PBXBuildFile; fileRef = 8DC351E0280A142A009D9974 /* touann-gatouillat-vergos-i8om-rcoiFY-unsplash.jpg */; };
		8DE747DE2809DE88000402AF /* SignUpViewController.swift in Sources */ = {isa = PBXBuildFile; fileRef = 8DE747DD2809DE88000402AF /* SignUpViewController.swift */; };
		8DE747E02809DE92000402AF /* LoginViewController.swift in Sources */ = {isa = PBXBuildFile; fileRef = 8DE747DF2809DE92000402AF /* LoginViewController.swift */; };
		8DE747E22809DE9C000402AF /* HomeViewController.swift in Sources */ = {isa = PBXBuildFile; fileRef = 8DE747E12809DE9C000402AF /* HomeViewController.swift */; };
		8DF62491280B300900CE9F31 /* Welcome-Sign-png-hd.png in Resources */ = {isa = PBXBuildFile; fileRef = 8DF62490280B300800CE9F31 /* Welcome-Sign-png-hd.png */; };
		8DFC0C3E28077D1100E43499 /* AppDelegate.swift in Sources */ = {isa = PBXBuildFile; fileRef = 8DFC0C3D28077D1100E43499 /* AppDelegate.swift */; };
		8DFC0C4028077D1100E43499 /* SceneDelegate.swift in Sources */ = {isa = PBXBuildFile; fileRef = 8DFC0C3F28077D1100E43499 /* SceneDelegate.swift */; };
		8DFC0C4528077D1100E43499 /* Main.storyboard in Resources */ = {isa = PBXBuildFile; fileRef = 8DFC0C4328077D1100E43499 /* Main.storyboard */; };
		8DFC0C4828077D1100E43499 /* FinalProject.xcdatamodeld in Sources */ = {isa = PBXBuildFile; fileRef = 8DFC0C4628077D1100E43499 /* FinalProject.xcdatamodeld */; };
		8DFC0C4D28077D1100E43499 /* LaunchScreen.storyboard in Resources */ = {isa = PBXBuildFile; fileRef = 8DFC0C4B28077D1100E43499 /* LaunchScreen.storyboard */; };
		8DFC0C5828077D1200E43499 /* FinalProjectTests.swift in Sources */ = {isa = PBXBuildFile; fileRef = 8DFC0C5728077D1200E43499 /* FinalProjectTests.swift */; };
		8DFC0C6228077D1200E43499 /* FinalProjectUITests.swift in Sources */ = {isa = PBXBuildFile; fileRef = 8DFC0C6128077D1200E43499 /* FinalProjectUITests.swift */; };
		8DFC0C6428077D1200E43499 /* FinalProjectUITestsLaunchTests.swift in Sources */ = {isa = PBXBuildFile; fileRef = 8DFC0C6328077D1200E43499 /* FinalProjectUITestsLaunchTests.swift */; };
/* End PBXBuildFile section */

/* Begin PBXContainerItemProxy section */
		8DFC0C5428077D1200E43499 /* PBXContainerItemProxy */ = {
			isa = PBXContainerItemProxy;
			containerPortal = 8DFC0C3228077D1100E43499 /* Project object */;
			proxyType = 1;
			remoteGlobalIDString = 8DFC0C3928077D1100E43499;
			remoteInfo = FinalProject;
		};
		8DFC0C5E28077D1200E43499 /* PBXContainerItemProxy */ = {
			isa = PBXContainerItemProxy;
			containerPortal = 8DFC0C3228077D1100E43499 /* Project object */;
			proxyType = 1;
			remoteGlobalIDString = 8DFC0C3928077D1100E43499;
			remoteInfo = FinalProject;
		};
/* End PBXContainerItemProxy section */

/* Begin PBXFileReference section */
		8D21502A280B77F200EB7267 /* Untitled design.png */ = {isa = PBXFileReference; lastKnownFileType = image.png; path = "Untitled design.png"; sourceTree = "<group>"; };
		8D21502C280B784500EB7267 /* Untitled design (1).png */ = {isa = PBXFileReference; lastKnownFileType = image.png; path = "Untitled design (1).png"; sourceTree = "<group>"; };
		8D215030280B7C0800EB7267 /* FirstViewController.swift */ = {isa = PBXFileReference; lastKnownFileType = sourcecode.swift; name = FirstViewController.swift; path = ../FirstViewController.swift; sourceTree = "<group>"; };
		8D215032280B7D1200EB7267 /* Himalayan-Mountains-Landscape-Snowfall-iPhone-6-wallpaper.-1.jpg */ = {isa = PBXFileReference; lastKnownFileType = image.jpeg; path = "Himalayan-Mountains-Landscape-Snowfall-iPhone-6-wallpaper.-1.jpg"; sourceTree = "<group>"; };
		8D215034280B82DB00EB7267 /* Assets.xcassets */ = {isa = PBXFileReference; lastKnownFileType = folder.assetcatalog; name = Assets.xcassets; path = ../../../../Downloads/AppIcons/Assets.xcassets; sourceTree = "<group>"; };
		8D215036280B924F00EB7267 /* ProfileViewController.swift */ = {isa = PBXFileReference; lastKnownFileType = sourcecode.swift; path = ProfileViewController.swift; sourceTree = "<group>"; };
		8D215038280B925F00EB7267 /* SettingsViewController.swift */ = {isa = PBXFileReference; lastKnownFileType = sourcecode.swift; path = SettingsViewController.swift; sourceTree = "<group>"; };
		8D2A379A280B28E600C2551E /* mountain1.jpeg */ = {isa = PBXFileReference; lastKnownFileType = image.jpeg; path = mountain1.jpeg; sourceTree = "<group>"; };
		8D2BF6F428150B2B00F8A20A /* Question.swift */ = {isa = PBXFileReference; lastKnownFileType = sourcecode.swift; path = Question.swift; sourceTree = "<group>"; };
		8D2BF6F628150B4B00F8A20A /* ScienceQuestion.swift */ = {isa = PBXFileReference; lastKnownFileType = sourcecode.swift; path = ScienceQuestion.swift; sourceTree = "<group>"; };
		8D2BF6F828162D5700F8A20A /* HistoryQuestion.swift */ = {isa = PBXFileReference; lastKnownFileType = sourcecode.swift; path = HistoryQuestion.swift; sourceTree = "<group>"; };
		8D2BF6FA28162D6A00F8A20A /* ComputerScienceQuestion.swift */ = {isa = PBXFileReference; lastKnownFileType = sourcecode.swift; path = ComputerScienceQuestion.swift; sourceTree = "<group>"; };
		8D691055280E02DF0094AC19 /* SubjectCollectionViewCell.swift */ = {isa = PBXFileReference; lastKnownFileType = sourcecode.swift; path = SubjectCollectionViewCell.swift; sourceTree = "<group>"; };
		8D75CAC6280CDB5900B0C165 /* FirebaseManager1.swift */ = {isa = PBXFileReference; lastKnownFileType = sourcecode.swift; path = FirebaseManager1.swift; sourceTree = "<group>"; };
		8D81154C280E063500D4F48B /* Subject.swift */ = {isa = PBXFileReference; lastKnownFileType = sourcecode.swift; path = Subject.swift; sourceTree = "<group>"; };
		8DA312112812E76B00F3E280 /* ScienceViewController.swift */ = {isa = PBXFileReference; lastKnownFileType = sourcecode.swift; path = ScienceViewController.swift; sourceTree = "<group>"; };
		8DA312132812E77B00F3E280 /* HistoryViewController.swift */ = {isa = PBXFileReference; lastKnownFileType = sourcecode.swift; path = HistoryViewController.swift; sourceTree = "<group>"; };
		8DA312152812E78700F3E280 /* ComputerScienceViewController.swift */ = {isa = PBXFileReference; lastKnownFileType = sourcecode.swift; path = ComputerScienceViewController.swift; sourceTree = "<group>"; };
		8DC351C22809F15D009D9974 /* Utilities.swift */ = {isa = PBXFileReference; fileEncoding = 4; lastKnownFileType = sourcecode.swift; path = Utilities.swift; sourceTree = "<group>"; };
		8DC351C52809F44B009D9974 /* GoogleService-Info.plist */ = {isa = PBXFileReference; fileEncoding = 4; lastKnownFileType = text.plist.xml; path = "GoogleService-Info.plist"; sourceTree = "<group>"; };
		8DC351D7280A0A1A009D9974 /* Constants.swift */ = {isa = PBXFileReference; lastKnownFileType = sourcecode.swift; path = Constants.swift; sourceTree = "<group>"; };
		8DC351DA280A1057009D9974 /* 373134.jpg */ = {isa = PBXFileReference; lastKnownFileType = image.jpeg; path = 373134.jpg; sourceTree = "<group>"; };
		8DC351DC280A1227009D9974 /* mymind-XUlsF9LYeVk-unsplash.jpg */ = {isa = PBXFileReference; lastKnownFileType = image.jpeg; path = "mymind-XUlsF9LYeVk-unsplash.jpg"; sourceTree = "<group>"; };
		8DC351DE280A126A009D9974 /* luke-chesser-3rWagdKBF7U-unsplash.jpg */ = {isa = PBXFileReference; lastKnownFileType = image.jpeg; path = "luke-chesser-3rWagdKBF7U-unsplash.jpg"; sourceTree = "<group>"; };
		8DC351E0280A142A009D9974 /* touann-gatouillat-vergos-i8om-rcoiFY-unsplash.jpg */ = {isa = PBXFileReference; lastKnownFileType = image.jpeg; path = "touann-gatouillat-vergos-i8om-rcoiFY-unsplash.jpg"; sourceTree = "<group>"; };
		8DE747DD2809DE88000402AF /* SignUpViewController.swift */ = {isa = PBXFileReference; lastKnownFileType = sourcecode.swift; path = SignUpViewController.swift; sourceTree = "<group>"; };
		8DE747DF2809DE92000402AF /* LoginViewController.swift */ = {isa = PBXFileReference; lastKnownFileType = sourcecode.swift; path = LoginViewController.swift; sourceTree = "<group>"; };
		8DE747E12809DE9C000402AF /* HomeViewController.swift */ = {isa = PBXFileReference; lastKnownFileType = sourcecode.swift; path = HomeViewController.swift; sourceTree = "<group>"; };
		8DF62490280B300800CE9F31 /* Welcome-Sign-png-hd.png */ = {isa = PBXFileReference; lastKnownFileType = image.png; path = "Welcome-Sign-png-hd.png"; sourceTree = "<group>"; };
		8DFC0C3A28077D1100E43499 /* FinalProject.app */ = {isa = PBXFileReference; explicitFileType = wrapper.application; includeInIndex = 0; path = FinalProject.app; sourceTree = BUILT_PRODUCTS_DIR; };
		8DFC0C3D28077D1100E43499 /* AppDelegate.swift */ = {isa = PBXFileReference; lastKnownFileType = sourcecode.swift; path = AppDelegate.swift; sourceTree = "<group>"; };
		8DFC0C3F28077D1100E43499 /* SceneDelegate.swift */ = {isa = PBXFileReference; lastKnownFileType = sourcecode.swift; path = SceneDelegate.swift; sourceTree = "<group>"; };
		8DFC0C4428077D1100E43499 /* Base */ = {isa = PBXFileReference; lastKnownFileType = file.storyboard; name = Base; path = Base.lproj/Main.storyboard; sourceTree = "<group>"; };
		8DFC0C4728077D1100E43499 /* FinalProject.xcdatamodel */ = {isa = PBXFileReference; lastKnownFileType = wrapper.xcdatamodel; path = FinalProject.xcdatamodel; sourceTree = "<group>"; };
		8DFC0C4C28077D1100E43499 /* Base */ = {isa = PBXFileReference; lastKnownFileType = file.storyboard; name = Base; path = Base.lproj/LaunchScreen.storyboard; sourceTree = "<group>"; };
		8DFC0C4E28077D1100E43499 /* Info.plist */ = {isa = PBXFileReference; lastKnownFileType = text.plist.xml; path = Info.plist; sourceTree = "<group>"; };
		8DFC0C5328077D1200E43499 /* FinalProjectTests.xctest */ = {isa = PBXFileReference; explicitFileType = wrapper.cfbundle; includeInIndex = 0; path = FinalProjectTests.xctest; sourceTree = BUILT_PRODUCTS_DIR; };
		8DFC0C5728077D1200E43499 /* FinalProjectTests.swift */ = {isa = PBXFileReference; lastKnownFileType = sourcecode.swift; path = FinalProjectTests.swift; sourceTree = "<group>"; };
		8DFC0C5D28077D1200E43499 /* FinalProjectUITests.xctest */ = {isa = PBXFileReference; explicitFileType = wrapper.cfbundle; includeInIndex = 0; path = FinalProjectUITests.xctest; sourceTree = BUILT_PRODUCTS_DIR; };
		8DFC0C6128077D1200E43499 /* FinalProjectUITests.swift */ = {isa = PBXFileReference; lastKnownFileType = sourcecode.swift; path = FinalProjectUITests.swift; sourceTree = "<group>"; };
		8DFC0C6328077D1200E43499 /* FinalProjectUITestsLaunchTests.swift */ = {isa = PBXFileReference; lastKnownFileType = sourcecode.swift; path = FinalProjectUITestsLaunchTests.swift; sourceTree = "<group>"; };
/* End PBXFileReference section */

/* Begin PBXFrameworksBuildPhase section */
		8DFC0C3728077D1100E43499 /* Frameworks */ = {
			isa = PBXFrameworksBuildPhase;
			buildActionMask = 2147483647;
			files = (
				8DC351CB2809F88A009D9974 /* FirebaseAnalyticsSwift in Frameworks */,
				8DC351CD2809F88A009D9974 /* FirebaseAnalyticsWithoutAdIdSupport in Frameworks */,
				8DC351C92809F88A009D9974 /* FirebaseAnalytics in Frameworks */,
				8DC351D6280A06A3009D9974 /* FirebaseFirestoreSwift in Frameworks */,
				8DC351D4280A06A3009D9974 /* FirebaseFirestoreCombine-Community in Frameworks */,
				8D75CACA280CDBF300B0C165 /* FirebaseStorage in Frameworks */,
				8DC351D2280A06A3009D9974 /* FirebaseFirestore in Frameworks */,
				8D75CACC280CDBF300B0C165 /* FirebaseStorageCombine-Community in Frameworks */,
				8DC351CF2809F88A009D9974 /* FirebaseAuth in Frameworks */,
			);
			runOnlyForDeploymentPostprocessing = 0;
		};
		8DFC0C5028077D1200E43499 /* Frameworks */ = {
			isa = PBXFrameworksBuildPhase;
			buildActionMask = 2147483647;
			files = (
			);
			runOnlyForDeploymentPostprocessing = 0;
		};
		8DFC0C5A28077D1200E43499 /* Frameworks */ = {
			isa = PBXFrameworksBuildPhase;
			buildActionMask = 2147483647;
			files = (
			);
			runOnlyForDeploymentPostprocessing = 0;
		};
/* End PBXFrameworksBuildPhase section */

/* Begin PBXGroup section */
		8D75CAC1280CB84900B0C165 /* Models */ = {
			isa = PBXGroup;
			children = (
				8D81154C280E063500D4F48B /* Subject.swift */,
				8D2BF6F428150B2B00F8A20A /* Question.swift */,
				8D2BF6F628150B4B00F8A20A /* ScienceQuestion.swift */,
				8D2BF6F828162D5700F8A20A /* HistoryQuestion.swift */,
				8D2BF6FA28162D6A00F8A20A /* ComputerScienceQuestion.swift */,
			);
			path = Models;
			sourceTree = "<group>";
		};
		8DA3120F2811AE6000F3E280 /* Tab View Controllers */ = {
			isa = PBXGroup;
			children = (
				8DE747E12809DE9C000402AF /* HomeViewController.swift */,
				8D691055280E02DF0094AC19 /* SubjectCollectionViewCell.swift */,
				8D215036280B924F00EB7267 /* ProfileViewController.swift */,
				8D215038280B925F00EB7267 /* SettingsViewController.swift */,
			);
			path = "Tab View Controllers";
			sourceTree = "<group>";
		};
		8DA312102812E6F700F3E280 /* SubjectsView */ = {
			isa = PBXGroup;
			children = (
				8DA312112812E76B00F3E280 /* ScienceViewController.swift */,
				8DA312132812E77B00F3E280 /* HistoryViewController.swift */,
				8DA312152812E78700F3E280 /* ComputerScienceViewController.swift */,
			);
			path = SubjectsView;
			sourceTree = "<group>";
		};
		8DC351C42809F169009D9974 /* Helpers */ = {
			isa = PBXGroup;
			children = (
				8DC351C22809F15D009D9974 /* Utilities.swift */,
				8DC351D7280A0A1A009D9974 /* Constants.swift */,
				8D75CAC6280CDB5900B0C165 /* FirebaseManager1.swift */,
			);
			path = Helpers;
			sourceTree = "<group>";
		};
		8DC351D9280A1040009D9974 /* Assests */ = {
			isa = PBXGroup;
			children = (
				8D2A379A280B28E600C2551E /* mountain1.jpeg */,
				8DC351DA280A1057009D9974 /* 373134.jpg */,
				8DC351DC280A1227009D9974 /* mymind-XUlsF9LYeVk-unsplash.jpg */,
				8DC351DE280A126A009D9974 /* luke-chesser-3rWagdKBF7U-unsplash.jpg */,
				8DC351E0280A142A009D9974 /* touann-gatouillat-vergos-i8om-rcoiFY-unsplash.jpg */,
				8DF62490280B300800CE9F31 /* Welcome-Sign-png-hd.png */,
				8D21502A280B77F200EB7267 /* Untitled design.png */,
				8D21502C280B784500EB7267 /* Untitled design (1).png */,
				8D215032280B7D1200EB7267 /* Himalayan-Mountains-Landscape-Snowfall-iPhone-6-wallpaper.-1.jpg */,
			);
			path = Assests;
			sourceTree = "<group>";
		};
		8DE747E32809DEA1000402AF /* View Controllers */ = {
			isa = PBXGroup;
			children = (
				8D215030280B7C0800EB7267 /* FirstViewController.swift */,
				8DE747DD2809DE88000402AF /* SignUpViewController.swift */,
				8DE747DF2809DE92000402AF /* LoginViewController.swift */,
			);
			path = "View Controllers";
			sourceTree = "<group>";
		};
		8DFC0C3128077D1100E43499 = {
			isa = PBXGroup;
			children = (
				8DFC0C3C28077D1100E43499 /* FinalProject */,
				8DFC0C5628077D1200E43499 /* FinalProjectTests */,
				8DFC0C6028077D1200E43499 /* FinalProjectUITests */,
				8DFC0C3B28077D1100E43499 /* Products */,
			);
			sourceTree = "<group>";
		};
		8DFC0C3B28077D1100E43499 /* Products */ = {
			isa = PBXGroup;
			children = (
				8DFC0C3A28077D1100E43499 /* FinalProject.app */,
				8DFC0C5328077D1200E43499 /* FinalProjectTests.xctest */,
				8DFC0C5D28077D1200E43499 /* FinalProjectUITests.xctest */,
			);
			name = Products;
			sourceTree = "<group>";
		};
		8DFC0C3C28077D1100E43499 /* FinalProject */ = {
			isa = PBXGroup;
			children = (
				8DC351D9280A1040009D9974 /* Assests */,
				8DFC0C3D28077D1100E43499 /* AppDelegate.swift */,
				8DFC0C3F28077D1100E43499 /* SceneDelegate.swift */,
				8DC351C42809F169009D9974 /* Helpers */,
				8D75CAC1280CB84900B0C165 /* Models */,
				8DE747E32809DEA1000402AF /* View Controllers */,
				8DA3120F2811AE6000F3E280 /* Tab View Controllers */,
				8DA312102812E6F700F3E280 /* SubjectsView */,
				8DFC0C4328077D1100E43499 /* Main.storyboard */,
				8D215034280B82DB00EB7267 /* Assets.xcassets */,
				8DFC0C4B28077D1100E43499 /* LaunchScreen.storyboard */,
				8DC351C52809F44B009D9974 /* GoogleService-Info.plist */,
				8DFC0C4E28077D1100E43499 /* Info.plist */,
				8DFC0C4628077D1100E43499 /* FinalProject.xcdatamodeld */,
			);
			path = FinalProject;
			sourceTree = "<group>";
		};
		8DFC0C5628077D1200E43499 /* FinalProjectTests */ = {
			isa = PBXGroup;
			children = (
				8DFC0C5728077D1200E43499 /* FinalProjectTests.swift */,
			);
			path = FinalProjectTests;
			sourceTree = "<group>";
		};
		8DFC0C6028077D1200E43499 /* FinalProjectUITests */ = {
			isa = PBXGroup;
			children = (
				8DFC0C6128077D1200E43499 /* FinalProjectUITests.swift */,
				8DFC0C6328077D1200E43499 /* FinalProjectUITestsLaunchTests.swift */,
			);
			path = FinalProjectUITests;
			sourceTree = "<group>";
		};
/* End PBXGroup section */

/* Begin PBXNativeTarget section */
		8DFC0C3928077D1100E43499 /* FinalProject */ = {
			isa = PBXNativeTarget;
			buildConfigurationList = 8DFC0C6728077D1200E43499 /* Build configuration list for PBXNativeTarget "FinalProject" */;
			buildPhases = (
				8DFC0C3628077D1100E43499 /* Sources */,
				8DFC0C3728077D1100E43499 /* Frameworks */,
				8DFC0C3828077D1100E43499 /* Resources */,
			);
			buildRules = (
			);
			dependencies = (
			);
			name = FinalProject;
			packageProductDependencies = (
				8DC351C82809F88A009D9974 /* FirebaseAnalytics */,
				8DC351CA2809F88A009D9974 /* FirebaseAnalyticsSwift */,
				8DC351CC2809F88A009D9974 /* FirebaseAnalyticsWithoutAdIdSupport */,
				8DC351CE2809F88A009D9974 /* FirebaseAuth */,
				8DC351D1280A06A3009D9974 /* FirebaseFirestore */,
				8DC351D3280A06A3009D9974 /* FirebaseFirestoreCombine-Community */,
				8DC351D5280A06A3009D9974 /* FirebaseFirestoreSwift */,
				8D75CAC9280CDBF300B0C165 /* FirebaseStorage */,
				8D75CACB280CDBF300B0C165 /* FirebaseStorageCombine-Community */,
			);
			productName = FinalProject;
			productReference = 8DFC0C3A28077D1100E43499 /* FinalProject.app */;
			productType = "com.apple.product-type.application";
		};
		8DFC0C5228077D1200E43499 /* FinalProjectTests */ = {
			isa = PBXNativeTarget;
			buildConfigurationList = 8DFC0C6A28077D1200E43499 /* Build configuration list for PBXNativeTarget "FinalProjectTests" */;
			buildPhases = (
				8DFC0C4F28077D1200E43499 /* Sources */,
				8DFC0C5028077D1200E43499 /* Frameworks */,
				8DFC0C5128077D1200E43499 /* Resources */,
			);
			buildRules = (
			);
			dependencies = (
				8DFC0C5528077D1200E43499 /* PBXTargetDependency */,
			);
			name = FinalProjectTests;
			productName = FinalProjectTests;
			productReference = 8DFC0C5328077D1200E43499 /* FinalProjectTests.xctest */;
			productType = "com.apple.product-type.bundle.unit-test";
		};
		8DFC0C5C28077D1200E43499 /* FinalProjectUITests */ = {
			isa = PBXNativeTarget;
			buildConfigurationList = 8DFC0C6D28077D1200E43499 /* Build configuration list for PBXNativeTarget "FinalProjectUITests" */;
			buildPhases = (
				8DFC0C5928077D1200E43499 /* Sources */,
				8DFC0C5A28077D1200E43499 /* Frameworks */,
				8DFC0C5B28077D1200E43499 /* Resources */,
			);
			buildRules = (
			);
			dependencies = (
				8DFC0C5F28077D1200E43499 /* PBXTargetDependency */,
			);
			name = FinalProjectUITests;
			productName = FinalProjectUITests;
			productReference = 8DFC0C5D28077D1200E43499 /* FinalProjectUITests.xctest */;
			productType = "com.apple.product-type.bundle.ui-testing";
		};
/* End PBXNativeTarget section */

/* Begin PBXProject section */
		8DFC0C3228077D1100E43499 /* Project object */ = {
			isa = PBXProject;
			attributes = {
				BuildIndependentTargetsInParallel = 1;
				LastSwiftUpdateCheck = 1330;
				LastUpgradeCheck = 1330;
				TargetAttributes = {
					8DFC0C3928077D1100E43499 = {
						CreatedOnToolsVersion = 13.3;
					};
					8DFC0C5228077D1200E43499 = {
						CreatedOnToolsVersion = 13.3;
						TestTargetID = 8DFC0C3928077D1100E43499;
					};
					8DFC0C5C28077D1200E43499 = {
						CreatedOnToolsVersion = 13.3;
						TestTargetID = 8DFC0C3928077D1100E43499;
					};
				};
			};
			buildConfigurationList = 8DFC0C3528077D1100E43499 /* Build configuration list for PBXProject "FinalProject" */;
			compatibilityVersion = "Xcode 13.0";
			developmentRegion = en;
			hasScannedForEncodings = 0;
			knownRegions = (
				en,
				Base,
			);
			mainGroup = 8DFC0C3128077D1100E43499;
			packageReferences = (
				8DC351C72809F88A009D9974 /* XCRemoteSwiftPackageReference "firebase-ios-sdk" */,
				8DC351D0280A06A3009D9974 /* XCRemoteSwiftPackageReference "firebase-ios-sdk" */,
				8D75CAC8280CDBF300B0C165 /* XCRemoteSwiftPackageReference "firebase-ios-sdk" */,
			);
			productRefGroup = 8DFC0C3B28077D1100E43499 /* Products */;
			projectDirPath = "";
			projectRoot = "";
			targets = (
				8DFC0C3928077D1100E43499 /* FinalProject */,
				8DFC0C5228077D1200E43499 /* FinalProjectTests */,
				8DFC0C5C28077D1200E43499 /* FinalProjectUITests */,
			);
		};
/* End PBXProject section */

/* Begin PBXResourcesBuildPhase section */
		8DFC0C3828077D1100E43499 /* Resources */ = {
			isa = PBXResourcesBuildPhase;
			buildActionMask = 2147483647;
			files = (
				8DC351DF280A126A009D9974 /* luke-chesser-3rWagdKBF7U-unsplash.jpg in Resources */,
				8DC351E1280A142A009D9974 /* touann-gatouillat-vergos-i8om-rcoiFY-unsplash.jpg in Resources */,
				8DC351DB280A1057009D9974 /* 373134.jpg in Resources */,
				8D215033280B7D1200EB7267 /* Himalayan-Mountains-Landscape-Snowfall-iPhone-6-wallpaper.-1.jpg in Resources */,
				8D215035280B82DB00EB7267 /* Assets.xcassets in Resources */,
				8D21502D280B784500EB7267 /* Untitled design (1).png in Resources */,
				8DFC0C4D28077D1100E43499 /* LaunchScreen.storyboard in Resources */,
				8D2A379B280B28E600C2551E /* mountain1.jpeg in Resources */,
				8DC351C62809F44B009D9974 /* GoogleService-Info.plist in Resources */,
				8D21502B280B77F200EB7267 /* Untitled design.png in Resources */,
				8DC351DD280A1227009D9974 /* mymind-XUlsF9LYeVk-unsplash.jpg in Resources */,
				8DFC0C4528077D1100E43499 /* Main.storyboard in Resources */,
				8DF62491280B300900CE9F31 /* Welcome-Sign-png-hd.png in Resources */,
			);
			runOnlyForDeploymentPostprocessing = 0;
		};
		8DFC0C5128077D1200E43499 /* Resources */ = {
			isa = PBXResourcesBuildPhase;
			buildActionMask = 2147483647;
			files = (
			);
			runOnlyForDeploymentPostprocessing = 0;
		};
		8DFC0C5B28077D1200E43499 /* Resources */ = {
			isa = PBXResourcesBuildPhase;
			buildActionMask = 2147483647;
			files = (
			);
			runOnlyForDeploymentPostprocessing = 0;
		};
/* End PBXResourcesBuildPhase section */

/* Begin PBXSourcesBuildPhase section */
		8DFC0C3628077D1100E43499 /* Sources */ = {
			isa = PBXSourcesBuildPhase;
			buildActionMask = 2147483647;
			files = (
				8DE747E02809DE92000402AF /* LoginViewController.swift in Sources */,
				8DA312122812E76B00F3E280 /* ScienceViewController.swift in Sources */,
				8D691056280E02DF0094AC19 /* SubjectCollectionViewCell.swift in Sources */,
				8D2BF6F528150B2B00F8A20A /* Question.swift in Sources */,
				8D81154D280E063500D4F48B /* Subject.swift in Sources */,
				8DFC0C3E28077D1100E43499 /* AppDelegate.swift in Sources */,
				8D2BF6F728150B4B00F8A20A /* ScienceQuestion.swift in Sources */,
				8D215039280B925F00EB7267 /* SettingsViewController.swift in Sources */,
				8D215037280B924F00EB7267 /* ProfileViewController.swift in Sources */,
				8DA312142812E77B00F3E280 /* HistoryViewController.swift in Sources */,
				8DC351C32809F15D009D9974 /* Utilities.swift in Sources */,
				8DFC0C4828077D1100E43499 /* FinalProject.xcdatamodeld in Sources */,
				8D75CAC7280CDB5900B0C165 /* FirebaseManager1.swift in Sources */,
				8DFC0C4028077D1100E43499 /* SceneDelegate.swift in Sources */,
				8D2BF6F928162D5700F8A20A /* HistoryQuestion.swift in Sources */,
				8DA312162812E78700F3E280 /* ComputerScienceViewController.swift in Sources */,
				8D2BF6FB28162D6A00F8A20A /* ComputerScienceQuestion.swift in Sources */,
				8D215031280B7C0800EB7267 /* FirstViewController.swift in Sources */,
				8DE747E22809DE9C000402AF /* HomeViewController.swift in Sources */,
				8DE747DE2809DE88000402AF /* SignUpViewController.swift in Sources */,
				8DC351D8280A0A1A009D9974 /* Constants.swift in Sources */,
			);
			runOnlyForDeploymentPostprocessing = 0;
		};
		8DFC0C4F28077D1200E43499 /* Sources */ = {
			isa = PBXSourcesBuildPhase;
			buildActionMask = 2147483647;
			files = (
				8DFC0C5828077D1200E43499 /* FinalProjectTests.swift in Sources */,
			);
			runOnlyForDeploymentPostprocessing = 0;
		};
		8DFC0C5928077D1200E43499 /* Sources */ = {
			isa = PBXSourcesBuildPhase;
			buildActionMask = 2147483647;
			files = (
				8DFC0C6228077D1200E43499 /* FinalProjectUITests.swift in Sources */,
				8DFC0C6428077D1200E43499 /* FinalProjectUITestsLaunchTests.swift in Sources */,
			);
			runOnlyForDeploymentPostprocessing = 0;
		};
/* End PBXSourcesBuildPhase section */

/* Begin PBXTargetDependency section */
		8DFC0C5528077D1200E43499 /* PBXTargetDependency */ = {
			isa = PBXTargetDependency;
			target = 8DFC0C3928077D1100E43499 /* FinalProject */;
			targetProxy = 8DFC0C5428077D1200E43499 /* PBXContainerItemProxy */;
		};
		8DFC0C5F28077D1200E43499 /* PBXTargetDependency */ = {
			isa = PBXTargetDependency;
			target = 8DFC0C3928077D1100E43499 /* FinalProject */;
			targetProxy = 8DFC0C5E28077D1200E43499 /* PBXContainerItemProxy */;
		};
/* End PBXTargetDependency section */

/* Begin PBXVariantGroup section */
		8DFC0C4328077D1100E43499 /* Main.storyboard */ = {
			isa = PBXVariantGroup;
			children = (
				8DFC0C4428077D1100E43499 /* Base */,
			);
			name = Main.storyboard;
			sourceTree = "<group>";
		};
		8DFC0C4B28077D1100E43499 /* LaunchScreen.storyboard */ = {
			isa = PBXVariantGroup;
			children = (
				8DFC0C4C28077D1100E43499 /* Base */,
			);
			name = LaunchScreen.storyboard;
			sourceTree = "<group>";
		};
/* End PBXVariantGroup section */

/* Begin XCBuildConfiguration section */
		8DFC0C6528077D1200E43499 /* Debug */ = {
			isa = XCBuildConfiguration;
			buildSettings = {
				ALWAYS_SEARCH_USER_PATHS = NO;
				CLANG_ANALYZER_NONNULL = YES;
				CLANG_ANALYZER_NUMBER_OBJECT_CONVERSION = YES_AGGRESSIVE;
				CLANG_CXX_LANGUAGE_STANDARD = "gnu++17";
				CLANG_ENABLE_MODULES = YES;
				CLANG_ENABLE_OBJC_ARC = YES;
				CLANG_ENABLE_OBJC_WEAK = YES;
				CLANG_WARN_BLOCK_CAPTURE_AUTORELEASING = YES;
				CLANG_WARN_BOOL_CONVERSION = YES;
				CLANG_WARN_COMMA = YES;
				CLANG_WARN_CONSTANT_CONVERSION = YES;
				CLANG_WARN_DEPRECATED_OBJC_IMPLEMENTATIONS = YES;
				CLANG_WARN_DIRECT_OBJC_ISA_USAGE = YES_ERROR;
				CLANG_WARN_DOCUMENTATION_COMMENTS = YES;
				CLANG_WARN_EMPTY_BODY = YES;
				CLANG_WARN_ENUM_CONVERSION = YES;
				CLANG_WARN_INFINITE_RECURSION = YES;
				CLANG_WARN_INT_CONVERSION = YES;
				CLANG_WARN_NON_LITERAL_NULL_CONVERSION = YES;
				CLANG_WARN_OBJC_IMPLICIT_RETAIN_SELF = YES;
				CLANG_WARN_OBJC_LITERAL_CONVERSION = YES;
				CLANG_WARN_OBJC_ROOT_CLASS = YES_ERROR;
				CLANG_WARN_QUOTED_INCLUDE_IN_FRAMEWORK_HEADER = YES;
				CLANG_WARN_RANGE_LOOP_ANALYSIS = YES;
				CLANG_WARN_STRICT_PROTOTYPES = YES;
				CLANG_WARN_SUSPICIOUS_MOVE = YES;
				CLANG_WARN_UNGUARDED_AVAILABILITY = YES_AGGRESSIVE;
				CLANG_WARN_UNREACHABLE_CODE = YES;
				CLANG_WARN__DUPLICATE_METHOD_MATCH = YES;
				COPY_PHASE_STRIP = NO;
				DEBUG_INFORMATION_FORMAT = dwarf;
				ENABLE_STRICT_OBJC_MSGSEND = YES;
				ENABLE_TESTABILITY = YES;
				GCC_C_LANGUAGE_STANDARD = gnu11;
				GCC_DYNAMIC_NO_PIC = NO;
				GCC_NO_COMMON_BLOCKS = YES;
				GCC_OPTIMIZATION_LEVEL = 0;
				GCC_PREPROCESSOR_DEFINITIONS = (
					"DEBUG=1",
					"$(inherited)",
				);
				GCC_WARN_64_TO_32_BIT_CONVERSION = YES;
				GCC_WARN_ABOUT_RETURN_TYPE = YES_ERROR;
				GCC_WARN_UNDECLARED_SELECTOR = YES;
				GCC_WARN_UNINITIALIZED_AUTOS = YES_AGGRESSIVE;
				GCC_WARN_UNUSED_FUNCTION = YES;
				GCC_WARN_UNUSED_VARIABLE = YES;
				IPHONEOS_DEPLOYMENT_TARGET = 15.4;
				MTL_ENABLE_DEBUG_INFO = INCLUDE_SOURCE;
				MTL_FAST_MATH = YES;
				ONLY_ACTIVE_ARCH = YES;
				SDKROOT = iphoneos;
				SWIFT_ACTIVE_COMPILATION_CONDITIONS = DEBUG;
				SWIFT_OPTIMIZATION_LEVEL = "-Onone";
			};
			name = Debug;
		};
		8DFC0C6628077D1200E43499 /* Release */ = {
			isa = XCBuildConfiguration;
			buildSettings = {
				ALWAYS_SEARCH_USER_PATHS = NO;
				CLANG_ANALYZER_NONNULL = YES;
				CLANG_ANALYZER_NUMBER_OBJECT_CONVERSION = YES_AGGRESSIVE;
				CLANG_CXX_LANGUAGE_STANDARD = "gnu++17";
				CLANG_ENABLE_MODULES = YES;
				CLANG_ENABLE_OBJC_ARC = YES;
				CLANG_ENABLE_OBJC_WEAK = YES;
				CLANG_WARN_BLOCK_CAPTURE_AUTORELEASING = YES;
				CLANG_WARN_BOOL_CONVERSION = YES;
				CLANG_WARN_COMMA = YES;
				CLANG_WARN_CONSTANT_CONVERSION = YES;
				CLANG_WARN_DEPRECATED_OBJC_IMPLEMENTATIONS = YES;
				CLANG_WARN_DIRECT_OBJC_ISA_USAGE = YES_ERROR;
				CLANG_WARN_DOCUMENTATION_COMMENTS = YES;
				CLANG_WARN_EMPTY_BODY = YES;
				CLANG_WARN_ENUM_CONVERSION = YES;
				CLANG_WARN_INFINITE_RECURSION = YES;
				CLANG_WARN_INT_CONVERSION = YES;
				CLANG_WARN_NON_LITERAL_NULL_CONVERSION = YES;
				CLANG_WARN_OBJC_IMPLICIT_RETAIN_SELF = YES;
				CLANG_WARN_OBJC_LITERAL_CONVERSION = YES;
				CLANG_WARN_OBJC_ROOT_CLASS = YES_ERROR;
				CLANG_WARN_QUOTED_INCLUDE_IN_FRAMEWORK_HEADER = YES;
				CLANG_WARN_RANGE_LOOP_ANALYSIS = YES;
				CLANG_WARN_STRICT_PROTOTYPES = YES;
				CLANG_WARN_SUSPICIOUS_MOVE = YES;
				CLANG_WARN_UNGUARDED_AVAILABILITY = YES_AGGRESSIVE;
				CLANG_WARN_UNREACHABLE_CODE = YES;
				CLANG_WARN__DUPLICATE_METHOD_MATCH = YES;
				COPY_PHASE_STRIP = NO;
				DEBUG_INFORMATION_FORMAT = "dwarf-with-dsym";
				ENABLE_NS_ASSERTIONS = NO;
				ENABLE_STRICT_OBJC_MSGSEND = YES;
				GCC_C_LANGUAGE_STANDARD = gnu11;
				GCC_NO_COMMON_BLOCKS = YES;
				GCC_WARN_64_TO_32_BIT_CONVERSION = YES;
				GCC_WARN_ABOUT_RETURN_TYPE = YES_ERROR;
				GCC_WARN_UNDECLARED_SELECTOR = YES;
				GCC_WARN_UNINITIALIZED_AUTOS = YES_AGGRESSIVE;
				GCC_WARN_UNUSED_FUNCTION = YES;
				GCC_WARN_UNUSED_VARIABLE = YES;
				IPHONEOS_DEPLOYMENT_TARGET = 15.4;
				MTL_ENABLE_DEBUG_INFO = NO;
				MTL_FAST_MATH = YES;
				SDKROOT = iphoneos;
				SWIFT_COMPILATION_MODE = wholemodule;
				SWIFT_OPTIMIZATION_LEVEL = "-O";
				VALIDATE_PRODUCT = YES;
			};
			name = Release;
		};
		8DFC0C6828077D1200E43499 /* Debug */ = {
			isa = XCBuildConfiguration;
			buildSettings = {
				ASSETCATALOG_COMPILER_APPICON_NAME = AppIcon;
				ASSETCATALOG_COMPILER_GLOBAL_ACCENT_COLOR_NAME = AccentColor;
				CODE_SIGN_STYLE = Automatic;
				CURRENT_PROJECT_VERSION = 1;
				DEVELOPMENT_TEAM = J3ZSZT4RGS;
				GENERATE_INFOPLIST_FILE = YES;
				INFOPLIST_FILE = FinalProject/Info.plist;
				INFOPLIST_KEY_UIApplicationSupportsIndirectInputEvents = YES;
				INFOPLIST_KEY_UILaunchStoryboardName = LaunchScreen;
				INFOPLIST_KEY_UIMainStoryboardFile = Main;
				INFOPLIST_KEY_UISupportedInterfaceOrientations_iPad = "UIInterfaceOrientationPortrait UIInterfaceOrientationPortraitUpsideDown UIInterfaceOrientationLandscapeLeft UIInterfaceOrientationLandscapeRight";
				INFOPLIST_KEY_UISupportedInterfaceOrientations_iPhone = "UIInterfaceOrientationPortrait UIInterfaceOrientationLandscapeLeft UIInterfaceOrientationLandscapeRight";
				LD_RUNPATH_SEARCH_PATHS = (
					"$(inherited)",
					"@executable_path/Frameworks",
				);
				MARKETING_VERSION = 1.0;
				PRODUCT_BUNDLE_IDENTIFIER = com.bishanttripathi.FinalProject;
				PRODUCT_NAME = "$(TARGET_NAME)";
				SWIFT_EMIT_LOC_STRINGS = YES;
				SWIFT_VERSION = 5.0;
				TARGETED_DEVICE_FAMILY = "1,2";
			};
			name = Debug;
		};
		8DFC0C6928077D1200E43499 /* Release */ = {
			isa = XCBuildConfiguration;
			buildSettings = {
				ASSETCATALOG_COMPILER_APPICON_NAME = AppIcon;
				ASSETCATALOG_COMPILER_GLOBAL_ACCENT_COLOR_NAME = AccentColor;
				CODE_SIGN_STYLE = Automatic;
				CURRENT_PROJECT_VERSION = 1;
				DEVELOPMENT_TEAM = J3ZSZT4RGS;
				GENERATE_INFOPLIST_FILE = YES;
				INFOPLIST_FILE = FinalProject/Info.plist;
				INFOPLIST_KEY_UIApplicationSupportsIndirectInputEvents = YES;
				INFOPLIST_KEY_UILaunchStoryboardName = LaunchScreen;
				INFOPLIST_KEY_UIMainStoryboardFile = Main;
				INFOPLIST_KEY_UISupportedInterfaceOrientations_iPad = "UIInterfaceOrientationPortrait UIInterfaceOrientationPortraitUpsideDown UIInterfaceOrientationLandscapeLeft UIInterfaceOrientationLandscapeRight";
				INFOPLIST_KEY_UISupportedInterfaceOrientations_iPhone = "UIInterfaceOrientationPortrait UIInterfaceOrientationLandscapeLeft UIInterfaceOrientationLandscapeRight";
				LD_RUNPATH_SEARCH_PATHS = (
					"$(inherited)",
					"@executable_path/Frameworks",
				);
				MARKETING_VERSION = 1.0;
				PRODUCT_BUNDLE_IDENTIFIER = com.bishanttripathi.FinalProject;
				PRODUCT_NAME = "$(TARGET_NAME)";
				SWIFT_EMIT_LOC_STRINGS = YES;
				SWIFT_VERSION = 5.0;
				TARGETED_DEVICE_FAMILY = "1,2";
			};
			name = Release;
		};
		8DFC0C6B28077D1200E43499 /* Debug */ = {
			isa = XCBuildConfiguration;
			buildSettings = {
				ALWAYS_EMBED_SWIFT_STANDARD_LIBRARIES = YES;
				BUNDLE_LOADER = "$(TEST_HOST)";
				CODE_SIGN_STYLE = Automatic;
				CURRENT_PROJECT_VERSION = 1;
				DEVELOPMENT_TEAM = J3ZSZT4RGS;
				GENERATE_INFOPLIST_FILE = YES;
				IPHONEOS_DEPLOYMENT_TARGET = 15.4;
				MARKETING_VERSION = 1.0;
				PRODUCT_BUNDLE_IDENTIFIER = com.bishanttripathi.FinalProjectTests;
				PRODUCT_NAME = "$(TARGET_NAME)";
				SWIFT_EMIT_LOC_STRINGS = NO;
				SWIFT_VERSION = 5.0;
				TARGETED_DEVICE_FAMILY = "1,2";
				TEST_HOST = "$(BUILT_PRODUCTS_DIR)/FinalProject.app/FinalProject";
			};
			name = Debug;
		};
		8DFC0C6C28077D1200E43499 /* Release */ = {
			isa = XCBuildConfiguration;
			buildSettings = {
				ALWAYS_EMBED_SWIFT_STANDARD_LIBRARIES = YES;
				BUNDLE_LOADER = "$(TEST_HOST)";
				CODE_SIGN_STYLE = Automatic;
				CURRENT_PROJECT_VERSION = 1;
				DEVELOPMENT_TEAM = J3ZSZT4RGS;
				GENERATE_INFOPLIST_FILE = YES;
				IPHONEOS_DEPLOYMENT_TARGET = 15.4;
				MARKETING_VERSION = 1.0;
				PRODUCT_BUNDLE_IDENTIFIER = com.bishanttripathi.FinalProjectTests;
				PRODUCT_NAME = "$(TARGET_NAME)";
				SWIFT_EMIT_LOC_STRINGS = NO;
				SWIFT_VERSION = 5.0;
				TARGETED_DEVICE_FAMILY = "1,2";
				TEST_HOST = "$(BUILT_PRODUCTS_DIR)/FinalProject.app/FinalProject";
			};
			name = Release;
		};
		8DFC0C6E28077D1200E43499 /* Debug */ = {
			isa = XCBuildConfiguration;
			buildSettings = {
				ALWAYS_EMBED_SWIFT_STANDARD_LIBRARIES = YES;
				CODE_SIGN_STYLE = Automatic;
				CURRENT_PROJECT_VERSION = 1;
				DEVELOPMENT_TEAM = J3ZSZT4RGS;
				GENERATE_INFOPLIST_FILE = YES;
				MARKETING_VERSION = 1.0;
				PRODUCT_BUNDLE_IDENTIFIER = com.bishanttripathi.FinalProjectUITests;
				PRODUCT_NAME = "$(TARGET_NAME)";
				SWIFT_EMIT_LOC_STRINGS = NO;
				SWIFT_VERSION = 5.0;
				TARGETED_DEVICE_FAMILY = "1,2";
				TEST_TARGET_NAME = FinalProject;
			};
			name = Debug;
		};
		8DFC0C6F28077D1200E43499 /* Release */ = {
			isa = XCBuildConfiguration;
			buildSettings = {
				ALWAYS_EMBED_SWIFT_STANDARD_LIBRARIES = YES;
				CODE_SIGN_STYLE = Automatic;
				CURRENT_PROJECT_VERSION = 1;
				DEVELOPMENT_TEAM = J3ZSZT4RGS;
				GENERATE_INFOPLIST_FILE = YES;
				MARKETING_VERSION = 1.0;
				PRODUCT_BUNDLE_IDENTIFIER = com.bishanttripathi.FinalProjectUITests;
				PRODUCT_NAME = "$(TARGET_NAME)";
				SWIFT_EMIT_LOC_STRINGS = NO;
				SWIFT_VERSION = 5.0;
				TARGETED_DEVICE_FAMILY = "1,2";
				TEST_TARGET_NAME = FinalProject;
			};
			name = Release;
		};
/* End XCBuildConfiguration section */

/* Begin XCConfigurationList section */
		8DFC0C3528077D1100E43499 /* Build configuration list for PBXProject "FinalProject" */ = {
			isa = XCConfigurationList;
			buildConfigurations = (
				8DFC0C6528077D1200E43499 /* Debug */,
				8DFC0C6628077D1200E43499 /* Release */,
			);
			defaultConfigurationIsVisible = 0;
			defaultConfigurationName = Release;
		};
		8DFC0C6728077D1200E43499 /* Build configuration list for PBXNativeTarget "FinalProject" */ = {
			isa = XCConfigurationList;
			buildConfigurations = (
				8DFC0C6828077D1200E43499 /* Debug */,
				8DFC0C6928077D1200E43499 /* Release */,
			);
			defaultConfigurationIsVisible = 0;
			defaultConfigurationName = Release;
		};
		8DFC0C6A28077D1200E43499 /* Build configuration list for PBXNativeTarget "FinalProjectTests" */ = {
			isa = XCConfigurationList;
			buildConfigurations = (
				8DFC0C6B28077D1200E43499 /* Debug */,
				8DFC0C6C28077D1200E43499 /* Release */,
			);
			defaultConfigurationIsVisible = 0;
			defaultConfigurationName = Release;
		};
		8DFC0C6D28077D1200E43499 /* Build configuration list for PBXNativeTarget "FinalProjectUITests" */ = {
			isa = XCConfigurationList;
			buildConfigurations = (
				8DFC0C6E28077D1200E43499 /* Debug */,
				8DFC0C6F28077D1200E43499 /* Release */,
			);
			defaultConfigurationIsVisible = 0;
			defaultConfigurationName = Release;
		};
/* End XCConfigurationList section */

/* Begin XCRemoteSwiftPackageReference section */
		8D75CAC8280CDBF300B0C165 /* XCRemoteSwiftPackageReference "firebase-ios-sdk" */ = {
			isa = XCRemoteSwiftPackageReference;
			repositoryURL = "https://github.com/firebase/firebase-ios-sdk";
			requirement = {
				branch = master;
				kind = branch;
			};
		};
		8DC351C72809F88A009D9974 /* XCRemoteSwiftPackageReference "firebase-ios-sdk" */ = {
			isa = XCRemoteSwiftPackageReference;
			repositoryURL = "https://github.com/firebase/firebase-ios-sdk";
			requirement = {
				branch = master;
				kind = branch;
			};
		};
		8DC351D0280A06A3009D9974 /* XCRemoteSwiftPackageReference "firebase-ios-sdk" */ = {
			isa = XCRemoteSwiftPackageReference;
			repositoryURL = "https://github.com/firebase/firebase-ios-sdk";
			requirement = {
				kind = upToNextMajorVersion;
				minimumVersion = 8.0.0;
			};
		};
/* End XCRemoteSwiftPackageReference section */

/* Begin XCSwiftPackageProductDependency section */
		8D75CAC9280CDBF300B0C165 /* FirebaseStorage */ = {
			isa = XCSwiftPackageProductDependency;
			package = 8DC351C72809F88A009D9974 /* XCRemoteSwiftPackageReference "firebase-ios-sdk" */;
			productName = FirebaseStorage;
		};
		8D75CACB280CDBF300B0C165 /* FirebaseStorageCombine-Community */ = {
			isa = XCSwiftPackageProductDependency;
			package = 8DC351C72809F88A009D9974 /* XCRemoteSwiftPackageReference "firebase-ios-sdk" */;
			productName = "FirebaseStorageCombine-Community";
		};
		8DC351C82809F88A009D9974 /* FirebaseAnalytics */ = {
			isa = XCSwiftPackageProductDependency;
			package = 8DC351C72809F88A009D9974 /* XCRemoteSwiftPackageReference "firebase-ios-sdk" */;
			productName = FirebaseAnalytics;
		};
		8DC351CA2809F88A009D9974 /* FirebaseAnalyticsSwift */ = {
			isa = XCSwiftPackageProductDependency;
			package = 8DC351C72809F88A009D9974 /* XCRemoteSwiftPackageReference "firebase-ios-sdk" */;
			productName = FirebaseAnalyticsSwift;
		};
		8DC351CC2809F88A009D9974 /* FirebaseAnalyticsWithoutAdIdSupport */ = {
			isa = XCSwiftPackageProductDependency;
			package = 8DC351C72809F88A009D9974 /* XCRemoteSwiftPackageReference "firebase-ios-sdk" */;
			productName = FirebaseAnalyticsWithoutAdIdSupport;
		};
		8DC351CE2809F88A009D9974 /* FirebaseAuth */ = {
			isa = XCSwiftPackageProductDependency;
			package = 8DC351C72809F88A009D9974 /* XCRemoteSwiftPackageReference "firebase-ios-sdk" */;
			productName = FirebaseAuth;
		};
		8DC351D1280A06A3009D9974 /* FirebaseFirestore */ = {
			isa = XCSwiftPackageProductDependency;
			package = 8DC351D0280A06A3009D9974 /* XCRemoteSwiftPackageReference "firebase-ios-sdk" */;
			productName = FirebaseFirestore;
		};
		8DC351D3280A06A3009D9974 /* FirebaseFirestoreCombine-Community */ = {
			isa = XCSwiftPackageProductDependency;
			package = 8DC351D0280A06A3009D9974 /* XCRemoteSwiftPackageReference "firebase-ios-sdk" */;
			productName = "FirebaseFirestoreCombine-Community";
		};
		8DC351D5280A06A3009D9974 /* FirebaseFirestoreSwift */ = {
			isa = XCSwiftPackageProductDependency;
			package = 8DC351D0280A06A3009D9974 /* XCRemoteSwiftPackageReference "firebase-ios-sdk" */;
			productName = FirebaseFirestoreSwift;
		};
/* End XCSwiftPackageProductDependency section */

/* Begin XCVersionGroup section */
		8DFC0C4628077D1100E43499 /* FinalProject.xcdatamodeld */ = {
			isa = XCVersionGroup;
			children = (
				8DFC0C4728077D1100E43499 /* FinalProject.xcdatamodel */,
			);
			currentVersion = 8DFC0C4728077D1100E43499 /* FinalProject.xcdatamodel */;
			path = FinalProject.xcdatamodeld;
			sourceTree = "<group>";
			versionGroupType = wrapper.xcdatamodel;
		};
/* End XCVersionGroup section */
	};
	rootObject = 8DFC0C3228077D1100E43499 /* Project object */;
}
